
Microsoft Visual Studio Solution File, Format Version 12.00
# Visual Studio Version 16
VisualStudioVersion = 16.0.29911.84
MinimumVisualStudioVersion = 10.0.40219.1
Project("{FAE04EC0-301F-11D3-BF4B-00C04F79EFBC}") = "Chapter3", "Chapter3\Chapter3.csproj", "{32E8EC02-D529-4D9A-A84A-DEBE84F57657}"
EndProject
Project("{FAE04EC0-301F-11D3-BF4B-00C04F79EFBC}") = "Chapter4", "Chapter4\Chapter4.csproj", "{E90F026A-DB67-4B06-801F-D42CC312791C}"
EndProject
Project("{FAE04EC0-301F-11D3-BF4B-00C04F79EFBC}") = "Chapter5", "Chapter5\Chapter5.csproj", "{4C2FE4AD-9793-4DBC-81B9-C65804BDBC92}"
EndProject
Project("{FAE04EC0-301F-11D3-BF4B-00C04F79EFBC}") = "Capter6", "Capter6\Capter6.csproj", "{D38ABCFE-3584-486D-BA2E-3CFC69EF2419}"
EndProject
Project("{FAE04EC0-301F-11D3-BF4B-00C04F79EFBC}") = "Chapter7", "Chapter7\Chapter7.csproj", "{8DDC232A-F306-4C86-A9C3-C8E799962090}"
EndProject
Global
	GlobalSection(SolutionConfigurationPlatforms) = preSolution
		Debug|Any CPU = Debug|Any CPU
		Release|Any CPU = Release|Any CPU
	EndGlobalSection
	GlobalSection(ProjectConfigurationPlatforms) = postSolution
		{32E8EC02-D529-4D9A-A84A-DEBE84F57657}.Debug|Any CPU.ActiveCfg = Debug|Any CPU
		{32E8EC02-D529-4D9A-A84A-DEBE84F57657}.Debug|Any CPU.Build.0 = Debug|Any CPU
		{32E8EC02-D529-4D9A-A84A-DEBE84F57657}.Release|Any CPU.ActiveCfg = Release|Any CPU
		{32E8EC02-D529-4D9A-A84A-DEBE84F57657}.Release|Any CPU.Build.0 = Release|Any CPU
		{E90F026A-DB67-4B06-801F-D42CC312791C}.Debug|Any CPU.ActiveCfg = Debug|Any CPU
		{E90F026A-DB67-4B06-801F-D42CC312791C}.Debug|Any CPU.Build.0 = Debug|Any CPU
		{E90F026A-DB67-4B06-801F-D42CC312791C}.Release|Any CPU.ActiveCfg = Release|Any CPU
		{E90F026A-DB67-4B06-801F-D42CC312791C}.Release|Any CPU.Build.0 = Release|Any CPU
		{4C2FE4AD-9793-4DBC-81B9-C65804BDBC92}.Debug|Any CPU.ActiveCfg = Debug|Any CPU
		{4C2FE4AD-9793-4DBC-81B9-C65804BDBC92}.Debug|Any CPU.Build.0 = Debug|Any CPU
		{4C2FE4AD-9793-4DBC-81B9-C65804BDBC92}.Release|Any CPU.ActiveCfg = Release|Any CPU
		{4C2FE4AD-9793-4DBC-81B9-C65804BDBC92}.Release|Any CPU.Build.0 = Release|Any CPU
		{D38ABCFE-3584-486D-BA2E-3CFC69EF2419}.Debug|Any CPU.ActiveCfg = Debug|Any CPU
		{D38ABCFE-3584-486D-BA2E-3CFC69EF2419}.Debug|Any CPU.Build.0 = Debug|Any CPU
		{D38ABCFE-3584-486D-BA2E-3CFC69EF2419}.Release|Any CPU.ActiveCfg = Release|Any CPU
		{D38ABCFE-3584-486D-BA2E-3CFC69EF2419}.Release|Any CPU.Build.0 = Release|Any CPU
		{8DDC232A-F306-4C86-A9C3-C8E799962090}.Debug|Any CPU.ActiveCfg = Debug|Any CPU
		{8DDC232A-F306-4C86-A9C3-C8E799962090}.Debug|Any CPU.Build.0 = Debug|Any CPU
		{8DDC232A-F306-4C86-A9C3-C8E799962090}.Release|Any CPU.ActiveCfg = Release|Any CPU
		{8DDC232A-F306-4C86-A9C3-C8E799962090}.Release|Any CPU.Build.0 = Release|Any CPU
	EndGlobalSection
	GlobalSection(SolutionProperties) = preSolution
		HideSolutionNode = FALSE
	EndGlobalSection
	GlobalSection(ExtensibilityGlobals) = postSolution
		SolutionGuid = {6D48010A-901E-4272-A939-EF4446689309}
	EndGlobalSection
EndGlobal
